dependencies:
- name: triggermesh-core
  repository: https://storage.googleapis.com/triggermesh-charts
  version: 1.2.1
- name: triggerflow
  repository: https://storage.googleapis.com/triggermesh-charts
  version: 0.1.1
digest: sha256:16dc5b367c89b57595dd43c5642631b74b584d2b2e25a899eef6762942388986
generated: "2023-05-23T11:33:12.752546+05:30"
