dependencies:
- name: triggermesh-core
  repository: https://storage.googleapis.com/triggermesh-charts
  version: 1.2.1
- name: triggerflow
  repository: https://storage.googleapis.com/triggermesh-charts
  version: 0.1.1
digest: sha256:5d002115dd81eac60645fcf89dbe655545c87c8d066518138af7e8896c9a30a1
generated: "2023-06-26T16:13:57.85408+05:30"
