dependencies:
- name: triggermesh-core
  repository: https://storage.googleapis.com/triggermesh-charts
  version: 1.2.1
- name: triggerflow
  repository: https://storage.googleapis.com/triggermesh-charts
  version: 0.1.1
digest: sha256:a406ac55c9c21214579fcda833535397574a4519531a24e8b1da78bbc183d678
generated: "2023-05-23T11:30:21.415098+05:30"
