dependencies:
- name: imagepullsecret-patcher
  repository: https://storage.googleapis.com/triggermesh-charts
  version: 0.1.0
- name: keycloak
  repository: https://storage.googleapis.com/triggermesh-charts
  version: 0.1.4
- name: triggermesh
  repository: https://storage.googleapis.com/triggermesh-charts
  version: 0.3.0
- name: koby
  repository: https://storage.googleapis.com/triggermesh-charts
  version: 0.1.0
digest: sha256:e909a261e7e3dbde05c480e5c4a7aba68cb26955f3fe60d6896f5de3c54bed0d
generated: "2021-12-13T14:57:11.334588+05:30"
