dependencies:
- name: imagepullsecret-patcher
  repository: https://storage.googleapis.com/triggermesh-charts
  version: 0.1.0
- name: keycloak
  repository: https://storage.googleapis.com/triggermesh-charts
  version: 0.1.4
- name: triggermesh
  repository: https://storage.googleapis.com/triggermesh-charts
  version: 0.1.2
digest: sha256:05e6feb5d68313fd36719f674e5b2988d214f377989c1970a9ed42fd107ddc01
generated: "2021-10-13T14:57:51.658441+05:30"
